
Microsoft Visual Studio Solution File, Format Version 12.00
# Visual Studio 15
VisualStudioVersion = 15.0.27004.2006
MinimumVisualStudioVersion = 10.0.40219.1
Project("{FAE04EC0-301F-11D3-BF4B-00C04F79EFBC}") = "OneCSharpCompiler", "OneCSharpCompiler.csproj", "{8882A7B7-C2FB-4214-9132-99A04A218CF7}"
EndProject
Global
	GlobalSection(SolutionConfigurationPlatforms) = preSolution
		Debug|Any CPU = Debug|Any CPU
		Release|Any CPU = Release|Any CPU
	EndGlobalSection
	GlobalSection(ProjectConfigurationPlatforms) = postSolution
		{8882A7B7-C2FB-4214-9132-99A04A218CF7}.Debug|Any CPU.ActiveCfg = Debug|Any CPU
		{8882A7B7-C2FB-4214-9132-99A04A218CF7}.Debug|Any CPU.Build.0 = Debug|Any CPU
		{8882A7B7-C2FB-4214-9132-99A04A218CF7}.Release|Any CPU.ActiveCfg = Release|Any CPU
		{8882A7B7-C2FB-4214-9132-99A04A218CF7}.Release|Any CPU.Build.0 = Release|Any CPU
	EndGlobalSection
	GlobalSection(SolutionProperties) = preSolution
		HideSolutionNode = FALSE
	EndGlobalSection
	GlobalSection(ExtensibilityGlobals) = postSolution
		SolutionGuid = {EC5D85FA-7935-40FF-AFB5-4A24A66B063D}
	EndGlobalSection
EndGlobal
